
Microsoft Visual Studio Solution File, Format Version 12.00
# Visual Studio 15
VisualStudioVersion = 15.0.28307.572
MinimumVisualStudioVersion = 10.0.40219.1
Project("{FAE04EC0-301F-11D3-BF4B-00C04F79EFBC}") = "Account_Check", "Account_Check\Account_Check.csproj", "{F3B13C66-7AF2-44BE-B9E8-5A7232D4DF78}"
EndProject
Global
	GlobalSection(SolutionConfigurationPlatforms) = preSolution
		Debug|Any CPU = Debug|Any CPU
		Release|Any CPU = Release|Any CPU
	EndGlobalSection
	GlobalSection(ProjectConfigurationPlatforms) = postSolution
		{F3B13C66-7AF2-44BE-B9E8-5A7232D4DF78}.Debug|Any CPU.ActiveCfg = Debug|Any CPU
		{F3B13C66-7AF2-44BE-B9E8-5A7232D4DF78}.Debug|Any CPU.Build.0 = Debug|Any CPU
		{F3B13C66-7AF2-44BE-B9E8-5A7232D4DF78}.Release|Any CPU.ActiveCfg = Release|Any CPU
		{F3B13C66-7AF2-44BE-B9E8-5A7232D4DF78}.Release|Any CPU.Build.0 = Release|Any CPU
	EndGlobalSection
	GlobalSection(SolutionProperties) = preSolution
		HideSolutionNode = FALSE
	EndGlobalSection
	GlobalSection(ExtensibilityGlobals) = postSolution
		SolutionGuid = {F848E50D-61D2-40A9-99E5-A7ED3CCD786D}
	EndGlobalSection
EndGlobal
